
Microsoft Visual Studio Solution File, Format Version 12.00
# Visual Studio Version 16
VisualStudioVersion = 16.0.30002.166
MinimumVisualStudioVersion = 10.0.40219.1
Project("{9A19103F-16F7-4668-BE54-9A1E7A4F7556}") = "ClassLibraryTemplate", "ClassLibraryTemplate\ClassLibraryTemplate.csproj", "{5DBDB494-25F2-44E1-9A03-58991B4418CB}"
EndProject
Project("{9A19103F-16F7-4668-BE54-9A1E7A4F7556}") = "ClassLibraryTemplate.Tests", "ClassLibraryTemplate.Tests\ClassLibraryTemplate.Tests.csproj", "{3BEAE958-7B81-4D77-BF3E-7A440C667ED1}"
EndProject
Project("{FAE04EC0-301F-11D3-BF4B-00C04F79EFBC}") = "ProjectTemplate1", "ProjectTemplate1\ProjectTemplate1.csproj", "{99A9A35D-F836-4406-A6A4-318B8C7EDD2B}"
EndProject
Global
	GlobalSection(SolutionConfigurationPlatforms) = preSolution
		Debug|Any CPU = Debug|Any CPU
		Release|Any CPU = Release|Any CPU
	EndGlobalSection
	GlobalSection(ProjectConfigurationPlatforms) = postSolution
		{5DBDB494-25F2-44E1-9A03-58991B4418CB}.Debug|Any CPU.ActiveCfg = Debug|Any CPU
		{5DBDB494-25F2-44E1-9A03-58991B4418CB}.Debug|Any CPU.Build.0 = Debug|Any CPU
		{5DBDB494-25F2-44E1-9A03-58991B4418CB}.Release|Any CPU.ActiveCfg = Release|Any CPU
		{5DBDB494-25F2-44E1-9A03-58991B4418CB}.Release|Any CPU.Build.0 = Release|Any CPU
		{3BEAE958-7B81-4D77-BF3E-7A440C667ED1}.Debug|Any CPU.ActiveCfg = Debug|Any CPU
		{3BEAE958-7B81-4D77-BF3E-7A440C667ED1}.Debug|Any CPU.Build.0 = Debug|Any CPU
		{3BEAE958-7B81-4D77-BF3E-7A440C667ED1}.Release|Any CPU.ActiveCfg = Release|Any CPU
		{3BEAE958-7B81-4D77-BF3E-7A440C667ED1}.Release|Any CPU.Build.0 = Release|Any CPU
		{99A9A35D-F836-4406-A6A4-318B8C7EDD2B}.Debug|Any CPU.ActiveCfg = Debug|Any CPU
		{99A9A35D-F836-4406-A6A4-318B8C7EDD2B}.Debug|Any CPU.Build.0 = Debug|Any CPU
		{99A9A35D-F836-4406-A6A4-318B8C7EDD2B}.Release|Any CPU.ActiveCfg = Release|Any CPU
		{99A9A35D-F836-4406-A6A4-318B8C7EDD2B}.Release|Any CPU.Build.0 = Release|Any CPU
	EndGlobalSection
	GlobalSection(SolutionProperties) = preSolution
		HideSolutionNode = FALSE
	EndGlobalSection
	GlobalSection(ExtensibilityGlobals) = postSolution
		SolutionGuid = {26A3A861-23E1-4C17-B26C-A2627E8A869E}
	EndGlobalSection
EndGlobal
